// !$*UTF8*$!
{
	archiveVersion = 1;
	classes = {
	};
	objectVersion = 46;
	objects = {

/* Begin PBXBuildFile section */
		EBBE907B1F23740300BAA006 /* main.m in Sources */ = {isa = PBXBuildFile; fileRef = EBBE907A1F23740300BAA006 /* main.m */; };
		EBBE907E1F23740300BAA006 /* AppDelegate.m in Sources */ = {isa = PBXBuildFile; fileRef = EBBE907D1F23740300BAA006 /* AppDelegate.m */; };
		EBBE90811F23740300BAA006 /* BKKEncryptSampleViewController.m in Sources */ = {isa = PBXBuildFile; fileRef = EBBE90801F23740300BAA006 /* BKKEncryptSampleViewController.m */; };
		EBBE90841F23740300BAA006 /* Main.storyboard in Resources */ = {isa = PBXBuildFile; fileRef = EBBE90821F23740300BAA006 /* Main.storyboard */; };
		EBBE90861F23740300BAA006 /* Assets.xcassets in Resources */ = {isa = PBXBuildFile; fileRef = EBBE90851F23740300BAA006 /* Assets.xcassets */; };
		EBBE90891F23740300BAA006 /* LaunchScreen.storyboard in Resources */ = {isa = PBXBuildFile; fileRef = EBBE90871F23740300BAA006 /* LaunchScreen.storyboard */; };
		EBBE90921F237CEA00BAA006 /* BKKCrypt.framework in Frameworks */ = {isa = PBXBuildFile; fileRef = EBBE90911F237CEA00BAA006 /* BKKCrypt.framework */; };
/* End PBXBuildFile section */

/* Begin PBXFileReference section */
		EBBE90761F23740300BAA006 /* BKKCryptSampleProject.app */ = {isa = PBXFileReference; explicitFileType = wrapper.application; includeInIndex = 0; path = BKKCryptSampleProject.app; sourceTree = BUILT_PRODUCTS_DIR; };
		EBBE907A1F23740300BAA006 /* main.m */ = {isa = PBXFileReference; lastKnownFileType = sourcecode.c.objc; path = main.m; sourceTree = "<group>"; };
		EBBE907C1F23740300BAA006 /* AppDelegate.h */ = {isa = PBXFileReference; lastKnownFileType = sourcecode.c.h; path = AppDelegate.h; sourceTree = "<group>"; };
		EBBE907D1F23740300BAA006 /* AppDelegate.m */ = {isa = PBXFileReference; lastKnownFileType = sourcecode.c.objc; path = AppDelegate.m; sourceTree = "<group>"; };
		EBBE907F1F23740300BAA006 /* BKKEncryptSampleViewController.h */ = {isa = PBXFileReference; lastKnownFileType = sourcecode.c.h; path = BKKEncryptSampleViewController.h; sourceTree = "<group>"; };
		EBBE90801F23740300BAA006 /* BKKEncryptSampleViewController.m */ = {isa = PBXFileReference; lastKnownFileType = sourcecode.c.objc; path = BKKEncryptSampleViewController.m; sourceTree = "<group>"; };
		EBBE90831F23740300BAA006 /* Base */ = {isa = PBXFileReference; lastKnownFileType = file.storyboard; name = Base; path = Base.lproj/Main.storyboard; sourceTree = "<group>"; };
		EBBE90851F23740300BAA006 /* Assets.xcassets */ = {isa = PBXFileReference; lastKnownFileType = folder.assetcatalog; path = Assets.xcassets; sourceTree = "<group>"; };
		EBBE90881F23740300BAA006 /* Base */ = {isa = PBXFileReference; lastKnownFileType = file.storyboard; name = Base; path = Base.lproj/LaunchScreen.storyboard; sourceTree = "<group>"; };
		EBBE908A1F23740300BAA006 /* Info.plist */ = {isa = PBXFileReference; lastKnownFileType = text.plist.xml; path = Info.plist; sourceTree = "<group>"; };
		EBBE90911F237CEA00BAA006 /* BKKCrypt.framework */ = {isa = PBXFileReference; lastKnownFileType = wrapper.framework; name = BKKCrypt.framework; path = "../Build/Products/Debug-iphonesimulator/BKKCrypt.framework"; sourceTree = "<group>"; };
/* End PBXFileReference section */

/* Begin PBXFrameworksBuildPhase section */
		EBBE90731F23740300BAA006 /* Frameworks */ = {
			isa = PBXFrameworksBuildPhase;
			buildActionMask = 2147483647;
			files = (
				EBBE90921F237CEA00BAA006 /* BKKCrypt.framework in Frameworks */,
			);
			runOnlyForDeploymentPostprocessing = 0;
		};
/* End PBXFrameworksBuildPhase section */

/* Begin PBXGroup section */
		EBBE906D1F23740300BAA006 = {
			isa = PBXGroup;
			children = (
				EBBE90781F23740300BAA006 /* BKKCryptSampleProject */,
				EBBE90771F23740300BAA006 /* Products */,
				EBBE90901F237CEA00BAA006 /* Frameworks */,
			);
			sourceTree = "<group>";
		};
		EBBE90771F23740300BAA006 /* Products */ = {
			isa = PBXGroup;
			children = (
				EBBE90761F23740300BAA006 /* BKKCryptSampleProject.app */,
			);
			name = Products;
			sourceTree = "<group>";
		};
		EBBE90781F23740300BAA006 /* BKKCryptSampleProject */ = {
			isa = PBXGroup;
			children = (
				EBBE907C1F23740300BAA006 /* AppDelegate.h */,
				EBBE907D1F23740300BAA006 /* AppDelegate.m */,
				EBBE907F1F23740300BAA006 /* BKKEncryptSampleViewController.h */,
				EBBE90801F23740300BAA006 /* BKKEncryptSampleViewController.m */,
				EBBE90821F23740300BAA006 /* Main.storyboard */,
				EBBE90851F23740300BAA006 /* Assets.xcassets */,
				EBBE90871F23740300BAA006 /* LaunchScreen.storyboard */,
				EBBE908A1F23740300BAA006 /* Info.plist */,
				EBBE90791F23740300BAA006 /* Supporting Files */,
			);
			path = BKKCryptSampleProject;
			sourceTree = "<group>";
		};
		EBBE90791F23740300BAA006 /* Supporting Files */ = {
			isa = PBXGroup;
			children = (
				EBBE907A1F23740300BAA006 /* main.m */,
			);
			name = "Supporting Files";
			sourceTree = "<group>";
		};
		EBBE90901F237CEA00BAA006 /* Frameworks */ = {
			isa = PBXGroup;
			children = (
				EBBE90911F237CEA00BAA006 /* BKKCrypt.framework */,
			);
			name = Frameworks;
			sourceTree = "<group>";
		};
/* End PBXGroup section */

/* Begin PBXNativeTarget section */
		EBBE90751F23740300BAA006 /* BKKCryptSampleProject */ = {
			isa = PBXNativeTarget;
			buildConfigurationList = EBBE908D1F23740300BAA006 /* Build configuration list for PBXNativeTarget "BKKCryptSampleProject" */;
			buildPhases = (
				EBBE90721F23740300BAA006 /* Sources */,
				EBBE90731F23740300BAA006 /* Frameworks */,
				EBBE90741F23740300BAA006 /* Resources */,
			);
			buildRules = (
			);
			dependencies = (
			);
			name = BKKCryptSampleProject;
			productName = BKKCryptSampleProject;
			productReference = EBBE90761F23740300BAA006 /* BKKCryptSampleProject.app */;
			productType = "com.apple.product-type.application";
		};
/* End PBXNativeTarget section */

/* Begin PBXProject section */
		EBBE906E1F23740300BAA006 /* Project object */ = {
			isa = PBXProject;
			attributes = {
				LastUpgradeCheck = 0820;
				ORGANIZATIONNAME = Moszinet;
				TargetAttributes = {
					EBBE90751F23740300BAA006 = {
						CreatedOnToolsVersion = 8.2.1;
						ProvisioningStyle = Automatic;
					};
				};
			};
			buildConfigurationList = EBBE90711F23740300BAA006 /* Build configuration list for PBXProject "BKKCryptSampleProject" */;
			compatibilityVersion = "Xcode 3.2";
			developmentRegion = English;
			hasScannedForEncodings = 0;
			knownRegions = (
				en,
				Base,
			);
			mainGroup = EBBE906D1F23740300BAA006;
			productRefGroup = EBBE90771F23740300BAA006 /* Products */;
			projectDirPath = "";
			projectRoot = "";
			targets = (
				EBBE90751F23740300BAA006 /* BKKCryptSampleProject */,
			);
		};
/* End PBXProject section */

/* Begin PBXResourcesBuildPhase section */
		EBBE90741F23740300BAA006 /* Resources */ = {
			isa = PBXResourcesBuildPhase;
			buildActionMask = 2147483647;
			files = (
				EBBE90891F23740300BAA006 /* LaunchScreen.storyboard in Resources */,
				EBBE90861F23740300BAA006 /* Assets.xcassets in Resources */,
				EBBE90841F23740300BAA006 /* Main.storyboard in Resources */,
			);
			runOnlyForDeploymentPostprocessing = 0;
		};
/* End PBXResourcesBuildPhase section */

/* Begin PBXSourcesBuildPhase section */
		EBBE90721F23740300BAA006 /* Sources */ = {
			isa = PBXSourcesBuildPhase;
			buildActionMask = 2147483647;
			files = (
				EBBE90811F23740300BAA006 /* BKKEncryptSampleViewController.m in Sources */,
				EBBE907E1F23740300BAA006 /* AppDelegate.m in Sources */,
				EBBE907B1F23740300BAA006 /* main.m in Sources */,
			);
			runOnlyForDeploymentPostprocessing = 0;
		};
/* End PBXSourcesBuildPhase section */

/* Begin PBXVariantGroup section */
		EBBE90821F23740300BAA006 /* Main.storyboard */ = {
			isa = PBXVariantGroup;
			children = (
				EBBE90831F23740300BAA006 /* Base */,
			);
			name = Main.storyboard;
			sourceTree = "<group>";
		};
		EBBE90871F23740300BAA006 /* LaunchScreen.storyboard */ = {
			isa = PBXVariantGroup;
			children = (
				EBBE90881F23740300BAA006 /* Base */,
			);
			name = LaunchScreen.storyboard;
			sourceTree = "<group>";
		};
/* End PBXVariantGroup section */

/* Begin XCBuildConfiguration section */
		EBBE908B1F23740300BAA006 /* Debug */ = {
			isa = XCBuildConfiguration;
			buildSettings = {
				ALWAYS_SEARCH_USER_PATHS = NO;
				CLANG_ANALYZER_NONNULL = YES;
				CLANG_CXX_LANGUAGE_STANDARD = "gnu++0x";
				CLANG_CXX_LIBRARY = "libc++";
				CLANG_ENABLE_MODULES = YES;
				CLANG_ENABLE_OBJC_ARC = YES;
				CLANG_WARN_BOOL_CONVERSION = YES;
				CLANG_WARN_CONSTANT_CONVERSION = YES;
				CLANG_WARN_DIRECT_OBJC_ISA_USAGE = YES_ERROR;
				CLANG_WARN_DOCUMENTATION_COMMENTS = YES;
				CLANG_WARN_EMPTY_BODY = YES;
				CLANG_WARN_ENUM_CONVERSION = YES;
				CLANG_WARN_INFINITE_RECURSION = YES;
				CLANG_WARN_INT_CONVERSION = YES;
				CLANG_WARN_OBJC_ROOT_CLASS = YES_ERROR;
				CLANG_WARN_SUSPICIOUS_MOVE = YES;
				CLANG_WARN_UNREACHABLE_CODE = YES;
				CLANG_WARN__DUPLICATE_METHOD_MATCH = YES;
				"CODE_SIGN_IDENTITY[sdk=iphoneos*]" = "iPhone Developer";
				COPY_PHASE_STRIP = NO;
				DEBUG_INFORMATION_FORMAT = dwarf;
				ENABLE_STRICT_OBJC_MSGSEND = YES;
				ENABLE_TESTABILITY = YES;
				GCC_C_LANGUAGE_STANDARD = gnu99;
				GCC_DYNAMIC_NO_PIC = NO;
				GCC_NO_COMMON_BLOCKS = YES;
				GCC_OPTIMIZATION_LEVEL = 0;
				GCC_PREPROCESSOR_DEFINITIONS = (
					"DEBUG=1",
					"$(inherited)",
				);
				GCC_WARN_64_TO_32_BIT_CONVERSION = YES;
				GCC_WARN_ABOUT_RETURN_TYPE = YES_ERROR;
				GCC_WARN_UNDECLARED_SELECTOR = YES;
				GCC_WARN_UNINITIALIZED_AUTOS = YES_AGGRESSIVE;
				GCC_WARN_UNUSED_FUNCTION = YES;
				GCC_WARN_UNUSED_VARIABLE = YES;
				IPHONEOS_DEPLOYMENT_TARGET = 10.2;
				MTL_ENABLE_DEBUG_INFO = YES;
				ONLY_ACTIVE_ARCH = YES;
				SDKROOT = iphoneos;
			};
			name = Debug;
		};
		EBBE908C1F23740300BAA006 /* Release */ = {
			isa = XCBuildConfiguration;
			buildSettings = {
				ALWAYS_SEARCH_USER_PATHS = NO;
				CLANG_ANALYZER_NONNULL = YES;
				CLANG_CXX_LANGUAGE_STANDARD = "gnu++0x";
				CLANG_CXX_LIBRARY = "libc++";
				CLANG_ENABLE_MODULES = YES;
				CLANG_ENABLE_OBJC_ARC = YES;
				CLANG_WARN_BOOL_CONVERSION = YES;
				CLANG_WARN_CONSTANT_CONVERSION = YES;
				CLANG_WARN_DIRECT_OBJC_ISA_USAGE = YES_ERROR;
				CLANG_WARN_DOCUMENTATION_COMMENTS = YES;
				CLANG_WARN_EMPTY_BODY = YES;
				CLANG_WARN_ENUM_CONVERSION = YES;
				CLANG_WARN_INFINITE_RECURSION = YES;
				CLANG_WARN_INT_CONVERSION = YES;
				CLANG_WARN_OBJC_ROOT_CLASS = YES_ERROR;
				CLANG_WARN_SUSPICIOUS_MOVE = YES;
				CLANG_WARN_UNREACHABLE_CODE = YES;
				CLANG_WARN__DUPLICATE_METHOD_MATCH = YES;
				"CODE_SIGN_IDENTITY[sdk=iphoneos*]" = "iPhone Developer";
				COPY_PHASE_STRIP = NO;
				DEBUG_INFORMATION_FORMAT = "dwarf-with-dsym";
				ENABLE_NS_ASSERTIONS = NO;
				ENABLE_STRICT_OBJC_MSGSEND = YES;
				GCC_C_LANGUAGE_STANDARD = gnu99;
				GCC_NO_COMMON_BLOCKS = YES;
				GCC_WARN_64_TO_32_BIT_CONVERSION = YES;
				GCC_WARN_ABOUT_RETURN_TYPE = YES_ERROR;
				GCC_WARN_UNDECLARED_SELECTOR = YES;
				GCC_WARN_UNINITIALIZED_AUTOS = YES_AGGRESSIVE;
				GCC_WARN_UNUSED_FUNCTION = YES;
				GCC_WARN_UNUSED_VARIABLE = YES;
				IPHONEOS_DEPLOYMENT_TARGET = 10.2;
				MTL_ENABLE_DEBUG_INFO = NO;
				SDKROOT = iphoneos;
				VALIDATE_PRODUCT = YES;
			};
			name = Release;
		};
		EBBE908E1F23740300BAA006 /* Debug */ = {
			isa = XCBuildConfiguration;
			buildSettings = {
				ASSETCATALOG_COMPILER_APPICON_NAME = AppIcon;
				INFOPLIST_FILE = BKKCryptSampleProject/Info.plist;
				IPHONEOS_DEPLOYMENT_TARGET = 9.0;
				LD_RUNPATH_SEARCH_PATHS = "$(inherited) @executable_path/Frameworks";
				PRODUCT_BUNDLE_IDENTIFIER = com.moszinet.BKKCryptSampleProject;
				PRODUCT_NAME = "$(TARGET_NAME)";
			};
			name = Debug;
		};
		EBBE908F1F23740300BAA006 /* Release */ = {
			isa = XCBuildConfiguration;
			buildSettings = {
				ASSETCATALOG_COMPILER_APPICON_NAME = AppIcon;
				INFOPLIST_FILE = BKKCryptSampleProject/Info.plist;
				IPHONEOS_DEPLOYMENT_TARGET = 9.0;
				LD_RUNPATH_SEARCH_PATHS = "$(inherited) @executable_path/Frameworks";
				PRODUCT_BUNDLE_IDENTIFIER = com.moszinet.BKKCryptSampleProject;
				PRODUCT_NAME = "$(TARGET_NAME)";
			};
			name = Release;
		};
/* End XCBuildConfiguration section */

/* Begin XCConfigurationList section */
		EBBE90711F23740300BAA006 /* Build configuration list for PBXProject "BKKCryptSampleProject" */ = {
			isa = XCConfigurationList;
			buildConfigurations = (
				EBBE908B1F23740300BAA006 /* Debug */,
				EBBE908C1F23740300BAA006 /* Release */,
			);
			defaultConfigurationIsVisible = 0;
			defaultConfigurationName = Release;
		};
		EBBE908D1F23740300BAA006 /* Build configuration list for PBXNativeTarget "BKKCryptSampleProject" */ = {
			isa = XCConfigurationList;
			buildConfigurations = (
				EBBE908E1F23740300BAA006 /* Debug */,
				EBBE908F1F23740300BAA006 /* Release */,
			);
			defaultConfigurationIsVisible = 0;
			defaultConfigurationName = Release;
		};
/* End XCConfigurationList section */
	};
	rootObject = EBBE906E1F23740300BAA006 /* Project object */;
}
